
Microsoft Visual Studio Solution File, Format Version 12.00
# Visual Studio Version 16
VisualStudioVersion = 16.0.29326.143
MinimumVisualStudioVersion = 10.0.40219.1
Project("{FAE04EC0-301F-11D3-BF4B-00C04F79EFBC}") = "TacoSpin", "TacoSpin\TacoSpin.csproj", "{537C3CA9-6A3B-4308-B6A5-26D151148301}"
EndProject
Global
	GlobalSection(SolutionConfigurationPlatforms) = preSolution
		Debug|Any CPU = Debug|Any CPU
		Release|Any CPU = Release|Any CPU
	EndGlobalSection
	GlobalSection(ProjectConfigurationPlatforms) = postSolution
		{537C3CA9-6A3B-4308-B6A5-26D151148301}.Debug|Any CPU.ActiveCfg = Debug|Any CPU
		{537C3CA9-6A3B-4308-B6A5-26D151148301}.Debug|Any CPU.Build.0 = Debug|Any CPU
		{537C3CA9-6A3B-4308-B6A5-26D151148301}.Release|Any CPU.ActiveCfg = Release|Any CPU
		{537C3CA9-6A3B-4308-B6A5-26D151148301}.Release|Any CPU.Build.0 = Release|Any CPU
	EndGlobalSection
	GlobalSection(SolutionProperties) = preSolution
		HideSolutionNode = FALSE
	EndGlobalSection
	GlobalSection(ExtensibilityGlobals) = postSolution
		SolutionGuid = {9B426535-E976-4908-8EC0-C86554724D92}
	EndGlobalSection
EndGlobal
